
Microsoft Visual Studio Solution File, Format Version 12.00
# Visual Studio Version 17
VisualStudioVersion = 17.11.35312.102
MinimumVisualStudioVersion = 10.0.40219.1
Project("{FAE04EC0-301F-11D3-BF4B-00C04F79EFBC}") = "Conncect4", "Conncect4\Conncect4.csproj", "{AD07C45B-0174-416C-A36C-53EB6A1CA5F8}"
EndProject
Global
	GlobalSection(SolutionConfigurationPlatforms) = preSolution
		Debug|Any CPU = Debug|Any CPU
		Release|Any CPU = Release|Any CPU
	EndGlobalSection
	GlobalSection(ProjectConfigurationPlatforms) = postSolution
		{AD07C45B-0174-416C-A36C-53EB6A1CA5F8}.Debug|Any CPU.ActiveCfg = Debug|Any CPU
		{AD07C45B-0174-416C-A36C-53EB6A1CA5F8}.Debug|Any CPU.Build.0 = Debug|Any CPU
		{AD07C45B-0174-416C-A36C-53EB6A1CA5F8}.Release|Any CPU.ActiveCfg = Release|Any CPU
		{AD07C45B-0174-416C-A36C-53EB6A1CA5F8}.Release|Any CPU.Build.0 = Release|Any CPU
	EndGlobalSection
	GlobalSection(SolutionProperties) = preSolution
		HideSolutionNode = FALSE
	EndGlobalSection
	GlobalSection(ExtensibilityGlobals) = postSolution
		SolutionGuid = {22C5F752-306C-4A78-B994-5DFFD0C98102}
	EndGlobalSection
EndGlobal
