
Microsoft Visual Studio Solution File, Format Version 12.00
# Visual Studio Version 17
VisualStudioVersion = 17.11.35303.130
MinimumVisualStudioVersion = 10.0.40219.1
Project("{FAE04EC0-301F-11D3-BF4B-00C04F79EFBC}") = "Algo01", "Algo01\Algo01.csproj", "{107B890E-FDBD-4961-A24D-B75D7BBA385F}"
EndProject
Global
	GlobalSection(SolutionConfigurationPlatforms) = preSolution
		Debug|Any CPU = Debug|Any CPU
		Release|Any CPU = Release|Any CPU
	EndGlobalSection
	GlobalSection(ProjectConfigurationPlatforms) = postSolution
		{107B890E-FDBD-4961-A24D-B75D7BBA385F}.Debug|Any CPU.ActiveCfg = Debug|Any CPU
		{107B890E-FDBD-4961-A24D-B75D7BBA385F}.Debug|Any CPU.Build.0 = Debug|Any CPU
		{107B890E-FDBD-4961-A24D-B75D7BBA385F}.Release|Any CPU.ActiveCfg = Release|Any CPU
		{107B890E-FDBD-4961-A24D-B75D7BBA385F}.Release|Any CPU.Build.0 = Release|Any CPU
	EndGlobalSection
	GlobalSection(SolutionProperties) = preSolution
		HideSolutionNode = FALSE
	EndGlobalSection
	GlobalSection(ExtensibilityGlobals) = postSolution
		SolutionGuid = {82DE2D1F-526C-4F13-868F-CC54DEC61EFD}
	EndGlobalSection
EndGlobal
